
Microsoft Visual Studio Solution File, Format Version 12.00
# Visual Studio 15
VisualStudioVersion = 15.0.28010.2026
MinimumVisualStudioVersion = 10.0.40219.1
Project("{888888A0-9F3D-457C-B088-3A5042F75D52}") = "L1", "L1\L1.pyproj", "{3D9F4FC8-1036-4986-94FC-16A665039D16}"
EndProject
Global
	GlobalSection(SolutionConfigurationPlatforms) = preSolution
		Debug|Any CPU = Debug|Any CPU
		Release|Any CPU = Release|Any CPU
	EndGlobalSection
	GlobalSection(ProjectConfigurationPlatforms) = postSolution
		{3D9F4FC8-1036-4986-94FC-16A665039D16}.Debug|Any CPU.ActiveCfg = Debug|Any CPU
		{3D9F4FC8-1036-4986-94FC-16A665039D16}.Release|Any CPU.ActiveCfg = Release|Any CPU
	EndGlobalSection
	GlobalSection(SolutionProperties) = preSolution
		HideSolutionNode = FALSE
	EndGlobalSection
	GlobalSection(ExtensibilityGlobals) = postSolution
		SolutionGuid = {F67B0B18-7B78-47FA-B22F-958FE9FE45DB}
	EndGlobalSection
EndGlobal
